
Microsoft Visual Studio Solution File, Format Version 12.00
# Visual Studio Version 16
VisualStudioVersion = 16.0.31105.61
MinimumVisualStudioVersion = 10.0.40219.1
Project("{FAE04EC0-301F-11D3-BF4B-00C04F79EFBC}") = "CosmosKernel1", "CosmosKernel1\CosmosKernel1.csproj", "{D282A6D3-4765-4E44-BCD8-2A9CE3AC4348}"
EndProject
Global
	GlobalSection(SolutionConfigurationPlatforms) = preSolution
		Debug|Any CPU = Debug|Any CPU
		Release|Any CPU = Release|Any CPU
	EndGlobalSection
	GlobalSection(ProjectConfigurationPlatforms) = postSolution
		{D282A6D3-4765-4E44-BCD8-2A9CE3AC4348}.Debug|Any CPU.ActiveCfg = Debug|Any CPU
		{D282A6D3-4765-4E44-BCD8-2A9CE3AC4348}.Debug|Any CPU.Build.0 = Debug|Any CPU
		{D282A6D3-4765-4E44-BCD8-2A9CE3AC4348}.Release|Any CPU.ActiveCfg = Release|Any CPU
		{D282A6D3-4765-4E44-BCD8-2A9CE3AC4348}.Release|Any CPU.Build.0 = Release|Any CPU
	EndGlobalSection
	GlobalSection(SolutionProperties) = preSolution
		HideSolutionNode = FALSE
	EndGlobalSection
	GlobalSection(ExtensibilityGlobals) = postSolution
		SolutionGuid = {4DE2D0A2-934C-4BF6-893E-363FAE983F68}
	EndGlobalSection
EndGlobal
